
Microsoft Visual Studio Solution File, Format Version 12.00
# Visual Studio 14
VisualStudioVersion = 14.0.23107.0
MinimumVisualStudioVersion = 10.0.40219.1
Project("{E24C65DC-7377-472B-9ABA-BC803B73C61A}") = "Git_Projects1", "..\Git_Projects1", "{5178D196-1C99-4C56-8040-C8F3A458F5F8}"
	ProjectSection(WebsiteProperties) = preProject
		TargetFrameworkMoniker = ".NETFramework,Version%3Dv4.5.2"
		Debug.AspNetCompiler.VirtualPath = "/localhost_51081"
		Debug.AspNetCompiler.PhysicalPath = "..\Git_Projects1\"
		Debug.AspNetCompiler.TargetPath = "PrecompiledWeb\localhost_51081\"
		Debug.AspNetCompiler.Updateable = "true"
		Debug.AspNetCompiler.ForceOverwrite = "true"
		Debug.AspNetCompiler.FixedNames = "false"
		Debug.AspNetCompiler.Debug = "True"
		Release.AspNetCompiler.VirtualPath = "/localhost_51081"
		Release.AspNetCompiler.PhysicalPath = "..\Git_Projects1\"
		Release.AspNetCompiler.TargetPath = "PrecompiledWeb\localhost_51081\"
		Release.AspNetCompiler.Updateable = "true"
		Release.AspNetCompiler.ForceOverwrite = "true"
		Release.AspNetCompiler.FixedNames = "false"
		Release.AspNetCompiler.Debug = "False"
		VWDPort = "51081"
		SlnRelativePath = "..\Git_Projects1\"
	EndProjectSection
EndProject
Global
	GlobalSection(SolutionConfigurationPlatforms) = preSolution
		Debug|Any CPU = Debug|Any CPU
	EndGlobalSection
	GlobalSection(ProjectConfigurationPlatforms) = postSolution
		{5178D196-1C99-4C56-8040-C8F3A458F5F8}.Debug|Any CPU.ActiveCfg = Debug|Any CPU
		{5178D196-1C99-4C56-8040-C8F3A458F5F8}.Debug|Any CPU.Build.0 = Debug|Any CPU
	EndGlobalSection
	GlobalSection(SolutionProperties) = preSolution
		HideSolutionNode = FALSE
	EndGlobalSection
EndGlobal
